{
  "name": "project",
  "version": "0.1.0",
  "lockfileVersion": 3,
  "requires": true,
  "packages": {
    "": {
      "name": "project",
      "version": "0.1.0",
      "dependencies": {
        "hl7.fhir.r4.core": "latest"
      }
    },
    "node_modules/hl7.fhir.r4.core": {
      "version": "0.0.1-security",
      "resolved": "https://registry.npmjs.org/hl7.fhir.r4.core/-/hl7.fhir.r4.core-0.0.1-security.tgz",
      "integrity": "sha512-L0lkLCMEvwt6Bl7MkprN3NDc0+wqp3scqzj08c8yTY3KtxF6dsPuiVSIWONvOeXxNkEpWDhHSI9/k+BWFmprng=="
    }
  }
}
